github.com/davecgh/go-spew v1.1.1 h1:eDZnTnDg6usTmTiVFas7c57Yv7A2L8frj1aXIEChYV0=
github.com/davecgh/go-spew v1.1.1/go.mod h1:G6j6jFNWnt9cY9gqSIRMcLfK9A5aqFqN8z9tHRbVjEw=
github.com/stretchr/testify v1.7.0 h1:1CDZFwtvdxnfPUEciY+TvuiwxAXoaK3P3UoNde6GKtU=
github.com/stretchr/testify v1.7.0/go.mod h1:FkQac1HR7MZ0cnMpGB7FZ5OIbL9G4yk6j9g9OR1MXT0=
